// !$*UTF8*$!
{
	archiveVersion = 1;
	classes = {
	};
	objectVersion = 50;
	objects = {

/* Begin PBXBuildFile section */
		A823521B22F6AEAC00FE65E0 /* AppDelegate.swift in Sources */ = {isa = PBXBuildFile; fileRef = A823521A22F6AEAC00FE65E0 /* AppDelegate.swift */; };
		A823521D22F6AEAC00FE65E0 /* CourseListViewController.swift in Sources */ = {isa = PBXBuildFile; fileRef = A823521C22F6AEAC00FE65E0 /* CourseListViewController.swift */; };
		A823522022F6AEAC00FE65E0 /* Main.storyboard in Resources */ = {isa = PBXBuildFile; fileRef = A823521E22F6AEAC00FE65E0 /* Main.storyboard */; };
		A823522222F6AEAE00FE65E0 /* Assets.xcassets in Resources */ = {isa = PBXBuildFile; fileRef = A823522122F6AEAE00FE65E0 /* Assets.xcassets */; };
		A823522522F6AEAE00FE65E0 /* LaunchScreen.storyboard in Resources */ = {isa = PBXBuildFile; fileRef = A823522322F6AEAE00FE65E0 /* LaunchScreen.storyboard */; };
		A823523822F6EBD000FE65E0 /* Course.swift in Sources */ = {isa = PBXBuildFile; fileRef = A823523722F6EBD000FE65E0 /* Course.swift */; };
		A823523B22F6ECB900FE65E0 /* NetworkManager.swift in Sources */ = {isa = PBXBuildFile; fileRef = A823523A22F6ECB900FE65E0 /* NetworkManager.swift */; };
		A823523D22F6F1E900FE65E0 /* CourseTableViewCell.swift in Sources */ = {isa = PBXBuildFile; fileRef = A823523C22F6F1E900FE65E0 /* CourseTableViewCell.swift */; };
		A8532FFF248B9AE700EA1883 /* SceneDelegate.swift in Sources */ = {isa = PBXBuildFile; fileRef = A8532FFE248B9AE700EA1883 /* SceneDelegate.swift */; };
		A8CC3D29258F5C4F00F0C33C /* ImageManager.swift in Sources */ = {isa = PBXBuildFile; fileRef = A8CC3D28258F5C4F00F0C33C /* ImageManager.swift */; };
		B14AD43328B64C4600D71395 /* ContentView.swift in Sources */ = {isa = PBXBuildFile; fileRef = B14AD43228B64C4500D71395 /* ContentView.swift */; };
/* End PBXBuildFile section */

/* Begin PBXFileReference section */
		A823521722F6AEAC00FE65E0 /* SwiftbookApp.app */ = {isa = PBXFileReference; explicitFileType = wrapper.application; includeInIndex = 0; path = SwiftbookApp.app; sourceTree = BUILT_PRODUCTS_DIR; };
		A823521A22F6AEAC00FE65E0 /* AppDelegate.swift */ = {isa = PBXFileReference; lastKnownFileType = sourcecode.swift; path = AppDelegate.swift; sourceTree = "<group>"; };
		A823521C22F6AEAC00FE65E0 /* CourseListViewController.swift */ = {isa = PBXFileReference; lastKnownFileType = sourcecode.swift; path = CourseListViewController.swift; sourceTree = "<group>"; };
		A823521F22F6AEAC00FE65E0 /* Base */ = {isa = PBXFileReference; lastKnownFileType = file.storyboard; name = Base; path = Base.lproj/Main.storyboard; sourceTree = "<group>"; };
		A823522122F6AEAE00FE65E0 /* Assets.xcassets */ = {isa = PBXFileReference; lastKnownFileType = folder.assetcatalog; path = Assets.xcassets; sourceTree = "<group>"; };
		A823522422F6AEAE00FE65E0 /* Base */ = {isa = PBXFileReference; lastKnownFileType = file.storyboard; name = Base; path = Base.lproj/LaunchScreen.storyboard; sourceTree = "<group>"; };
		A823522622F6AEAE00FE65E0 /* Info.plist */ = {isa = PBXFileReference; lastKnownFileType = text.plist.xml; path = Info.plist; sourceTree = "<group>"; };
		A823523722F6EBD000FE65E0 /* Course.swift */ = {isa = PBXFileReference; lastKnownFileType = sourcecode.swift; path = Course.swift; sourceTree = "<group>"; };
		A823523A22F6ECB900FE65E0 /* NetworkManager.swift */ = {isa = PBXFileReference; lastKnownFileType = sourcecode.swift; path = NetworkManager.swift; sourceTree = "<group>"; };
		A823523C22F6F1E900FE65E0 /* CourseTableViewCell.swift */ = {isa = PBXFileReference; lastKnownFileType = sourcecode.swift; path = CourseTableViewCell.swift; sourceTree = "<group>"; };
		A8532FFE248B9AE700EA1883 /* SceneDelegate.swift */ = {isa = PBXFileReference; fileEncoding = 4; lastKnownFileType = sourcecode.swift; path = SceneDelegate.swift; sourceTree = "<group>"; };
		A8CC3D28258F5C4F00F0C33C /* ImageManager.swift */ = {isa = PBXFileReference; lastKnownFileType = sourcecode.swift; path = ImageManager.swift; sourceTree = "<group>"; };
		B14AD43228B64C4500D71395 /* ContentView.swift */ = {isa = PBXFileReference; fileEncoding = 4; lastKnownFileType = sourcecode.swift; path = ContentView.swift; sourceTree = "<group>"; };
/* End PBXFileReference section */

/* Begin PBXFrameworksBuildPhase section */
		A823521422F6AEAC00FE65E0 /* Frameworks */ = {
			isa = PBXFrameworksBuildPhase;
			buildActionMask = 2147483647;
			files = (
			);
			runOnlyForDeploymentPostprocessing = 0;
		};
/* End PBXFrameworksBuildPhase section */

/* Begin PBXGroup section */
		A823520E22F6AEAC00FE65E0 = {
			isa = PBXGroup;
			children = (
				A823521922F6AEAC00FE65E0 /* SwiftbookApp */,
				A823521822F6AEAC00FE65E0 /* Products */,
			);
			sourceTree = "<group>";
		};
		A823521822F6AEAC00FE65E0 /* Products */ = {
			isa = PBXGroup;
			children = (
				A823521722F6AEAC00FE65E0 /* SwiftbookApp.app */,
			);
			name = Products;
			sourceTree = "<group>";
		};
		A823521922F6AEAC00FE65E0 /* SwiftbookApp */ = {
			isa = PBXGroup;
			children = (
				A823523122F6EA4E00FE65E0 /* ViewControllers */,
				A823523222F6EA6000FE65E0 /* Models */,
				A823523622F6EAE800FE65E0 /* Views */,
				A823523922F6EC6000FE65E0 /* Services */,
				A823523022F6EA3B00FE65E0 /* Storyboard */,
				A823523322F6EA8F00FE65E0 /* Supporting Files */,
				A823522F22F6E9FC00FE65E0 /* Resources */,
			);
			path = SwiftbookApp;
			sourceTree = "<group>";
		};
		A823522F22F6E9FC00FE65E0 /* Resources */ = {
			isa = PBXGroup;
			children = (
				A823522122F6AEAE00FE65E0 /* Assets.xcassets */,
			);
			path = Resources;
			sourceTree = "<group>";
		};
		A823523022F6EA3B00FE65E0 /* Storyboard */ = {
			isa = PBXGroup;
			children = (
				A823521E22F6AEAC00FE65E0 /* Main.storyboard */,
				A823522322F6AEAE00FE65E0 /* LaunchScreen.storyboard */,
			);
			path = Storyboard;
			sourceTree = "<group>";
		};
		A823523122F6EA4E00FE65E0 /* ViewControllers */ = {
			isa = PBXGroup;
			children = (
				A823521C22F6AEAC00FE65E0 /* CourseListViewController.swift */,
				B14AD43228B64C4500D71395 /* ContentView.swift */,
			);
			path = ViewControllers;
			sourceTree = "<group>";
		};
		A823523222F6EA6000FE65E0 /* Models */ = {
			isa = PBXGroup;
			children = (
				A823523722F6EBD000FE65E0 /* Course.swift */,
			);
			path = Models;
			sourceTree = "<group>";
		};
		A823523322F6EA8F00FE65E0 /* Supporting Files */ = {
			isa = PBXGroup;
			children = (
				A823521A22F6AEAC00FE65E0 /* AppDelegate.swift */,
				A8532FFE248B9AE700EA1883 /* SceneDelegate.swift */,
				A823522622F6AEAE00FE65E0 /* Info.plist */,
			);
			path = "Supporting Files";
			sourceTree = "<group>";
		};
		A823523622F6EAE800FE65E0 /* Views */ = {
			isa = PBXGroup;
			children = (
				A823523C22F6F1E900FE65E0 /* CourseTableViewCell.swift */,
			);
			path = Views;
			sourceTree = "<group>";
		};
		A823523922F6EC6000FE65E0 /* Services */ = {
			isa = PBXGroup;
			children = (
				A823523A22F6ECB900FE65E0 /* NetworkManager.swift */,
				A8CC3D28258F5C4F00F0C33C /* ImageManager.swift */,
			);
			path = Services;
			sourceTree = "<group>";
		};
/* End PBXGroup section */

/* Begin PBXNativeTarget section */
		A823521622F6AEAC00FE65E0 /* SwiftbookApp */ = {
			isa = PBXNativeTarget;
			buildConfigurationList = A823522922F6AEAE00FE65E0 /* Build configuration list for PBXNativeTarget "SwiftbookApp" */;
			buildPhases = (
				A823521322F6AEAC00FE65E0 /* Sources */,
				A823521422F6AEAC00FE65E0 /* Frameworks */,
				A823521522F6AEAC00FE65E0 /* Resources */,
			);
			buildRules = (
			);
			dependencies = (
			);
			name = SwiftbookApp;
			productName = SwiftbookApp;
			productReference = A823521722F6AEAC00FE65E0 /* SwiftbookApp.app */;
			productType = "com.apple.product-type.application";
		};
/* End PBXNativeTarget section */

/* Begin PBXProject section */
		A823520F22F6AEAC00FE65E0 /* Project object */ = {
			isa = PBXProject;
			attributes = {
				LastSwiftUpdateCheck = 1030;
				LastUpgradeCheck = 1200;
				ORGANIZATIONNAME = "Alexey Efimov";
				TargetAttributes = {
					A823521622F6AEAC00FE65E0 = {
						CreatedOnToolsVersion = 10.3;
					};
				};
			};
			buildConfigurationList = A823521222F6AEAC00FE65E0 /* Build configuration list for PBXProject "SwiftbookApp" */;
			compatibilityVersion = "Xcode 9.3";
			developmentRegion = en;
			hasScannedForEncodings = 0;
			knownRegions = (
				en,
				Base,
			);
			mainGroup = A823520E22F6AEAC00FE65E0;
			productRefGroup = A823521822F6AEAC00FE65E0 /* Products */;
			projectDirPath = "";
			projectRoot = "";
			targets = (
				A823521622F6AEAC00FE65E0 /* SwiftbookApp */,
			);
		};
/* End PBXProject section */

/* Begin PBXResourcesBuildPhase section */
		A823521522F6AEAC00FE65E0 /* Resources */ = {
			isa = PBXResourcesBuildPhase;
			buildActionMask = 2147483647;
			files = (
				A823522522F6AEAE00FE65E0 /* LaunchScreen.storyboard in Resources */,
				A823522222F6AEAE00FE65E0 /* Assets.xcassets in Resources */,
				A823522022F6AEAC00FE65E0 /* Main.storyboard in Resources */,
			);
			runOnlyForDeploymentPostprocessing = 0;
		};
/* End PBXResourcesBuildPhase section */

/* Begin PBXSourcesBuildPhase section */
		A823521322F6AEAC00FE65E0 /* Sources */ = {
			isa = PBXSourcesBuildPhase;
			buildActionMask = 2147483647;
			files = (
				A823523D22F6F1E900FE65E0 /* CourseTableViewCell.swift in Sources */,
				A823523822F6EBD000FE65E0 /* Course.swift in Sources */,
				B14AD43328B64C4600D71395 /* ContentView.swift in Sources */,
				A8CC3D29258F5C4F00F0C33C /* ImageManager.swift in Sources */,
				A823523B22F6ECB900FE65E0 /* NetworkManager.swift in Sources */,
				A823521D22F6AEAC00FE65E0 /* CourseListViewController.swift in Sources */,
				A823521B22F6AEAC00FE65E0 /* AppDelegate.swift in Sources */,
				A8532FFF248B9AE700EA1883 /* SceneDelegate.swift in Sources */,
			);
			runOnlyForDeploymentPostprocessing = 0;
		};
/* End PBXSourcesBuildPhase section */

/* Begin PBXVariantGroup section */
		A823521E22F6AEAC00FE65E0 /* Main.storyboard */ = {
			isa = PBXVariantGroup;
			children = (
				A823521F22F6AEAC00FE65E0 /* Base */,
			);
			name = Main.storyboard;
			sourceTree = "<group>";
		};
		A823522322F6AEAE00FE65E0 /* LaunchScreen.storyboard */ = {
			isa = PBXVariantGroup;
			children = (
				A823522422F6AEAE00FE65E0 /* Base */,
			);
			name = LaunchScreen.storyboard;
			sourceTree = "<group>";
		};
/* End PBXVariantGroup section */

/* Begin XCBuildConfiguration section */
		A823522722F6AEAE00FE65E0 /* Debug */ = {
			isa = XCBuildConfiguration;
			buildSettings = {
				ALWAYS_SEARCH_USER_PATHS = NO;
				CLANG_ANALYZER_NONNULL = YES;
				CLANG_ANALYZER_NUMBER_OBJECT_CONVERSION = YES_AGGRESSIVE;
				CLANG_CXX_LANGUAGE_STANDARD = "gnu++14";
				CLANG_CXX_LIBRARY = "libc++";
				CLANG_ENABLE_MODULES = YES;
				CLANG_ENABLE_OBJC_ARC = YES;
				CLANG_ENABLE_OBJC_WEAK = YES;
				CLANG_WARN_BLOCK_CAPTURE_AUTORELEASING = YES;
				CLANG_WARN_BOOL_CONVERSION = YES;
				CLANG_WARN_COMMA = YES;
				CLANG_WARN_CONSTANT_CONVERSION = YES;
				CLANG_WARN_DEPRECATED_OBJC_IMPLEMENTATIONS = YES;
				CLANG_WARN_DIRECT_OBJC_ISA_USAGE = YES_ERROR;
				CLANG_WARN_DOCUMENTATION_COMMENTS = YES;
				CLANG_WARN_EMPTY_BODY = YES;
				CLANG_WARN_ENUM_CONVERSION = YES;
				CLANG_WARN_INFINITE_RECURSION = YES;
				CLANG_WARN_INT_CONVERSION = YES;
				CLANG_WARN_NON_LITERAL_NULL_CONVERSION = YES;
				CLANG_WARN_OBJC_IMPLICIT_RETAIN_SELF = YES;
				CLANG_WARN_OBJC_LITERAL_CONVERSION = YES;
				CLANG_WARN_OBJC_ROOT_CLASS = YES_ERROR;
				CLANG_WARN_QUOTED_INCLUDE_IN_FRAMEWORK_HEADER = YES;
				CLANG_WARN_RANGE_LOOP_ANALYSIS = YES;
				CLANG_WARN_STRICT_PROTOTYPES = YES;
				CLANG_WARN_SUSPICIOUS_MOVE = YES;
				CLANG_WARN_UNGUARDED_AVAILABILITY = YES_AGGRESSIVE;
				CLANG_WARN_UNREACHABLE_CODE = YES;
				CLANG_WARN__DUPLICATE_METHOD_MATCH = YES;
				CODE_SIGN_IDENTITY = "iPhone Developer";
				COPY_PHASE_STRIP = NO;
				DEBUG_INFORMATION_FORMAT = dwarf;
				ENABLE_STRICT_OBJC_MSGSEND = YES;
				ENABLE_TESTABILITY = YES;
				GCC_C_LANGUAGE_STANDARD = gnu11;
				GCC_DYNAMIC_NO_PIC = NO;
				GCC_NO_COMMON_BLOCKS = YES;
				GCC_OPTIMIZATION_LEVEL = 0;
				GCC_PREPROCESSOR_DEFINITIONS = (
					"DEBUG=1",
					"$(inherited)",
				);
				GCC_WARN_64_TO_32_BIT_CONVERSION = YES;
				GCC_WARN_ABOUT_RETURN_TYPE = YES_ERROR;
				GCC_WARN_UNDECLARED_SELECTOR = YES;
				GCC_WARN_UNINITIALIZED_AUTOS = YES_AGGRESSIVE;
				GCC_WARN_UNUSED_FUNCTION = YES;
				GCC_WARN_UNUSED_VARIABLE = YES;
				IPHONEOS_DEPLOYMENT_TARGET = 12.4;
				MTL_ENABLE_DEBUG_INFO = INCLUDE_SOURCE;
				MTL_FAST_MATH = YES;
				ONLY_ACTIVE_ARCH = YES;
				SDKROOT = iphoneos;
				SWIFT_ACTIVE_COMPILATION_CONDITIONS = DEBUG;
				SWIFT_OPTIMIZATION_LEVEL = "-Onone";
			};
			name = Debug;
		};
		A823522822F6AEAE00FE65E0 /* Release */ = {
			isa = XCBuildConfiguration;
			buildSettings = {
				ALWAYS_SEARCH_USER_PATHS = NO;
				CLANG_ANALYZER_NONNULL = YES;
				CLANG_ANALYZER_NUMBER_OBJECT_CONVERSION = YES_AGGRESSIVE;
				CLANG_CXX_LANGUAGE_STANDARD = "gnu++14";
				CLANG_CXX_LIBRARY = "libc++";
				CLANG_ENABLE_MODULES = YES;
				CLANG_ENABLE_OBJC_ARC = YES;
				CLANG_ENABLE_OBJC_WEAK = YES;
				CLANG_WARN_BLOCK_CAPTURE_AUTORELEASING = YES;
				CLANG_WARN_BOOL_CONVERSION = YES;
				CLANG_WARN_COMMA = YES;
				CLANG_WARN_CONSTANT_CONVERSION = YES;
				CLANG_WARN_DEPRECATED_OBJC_IMPLEMENTATIONS = YES;
				CLANG_WARN_DIRECT_OBJC_ISA_USAGE = YES_ERROR;
				CLANG_WARN_DOCUMENTATION_COMMENTS = YES;
				CLANG_WARN_EMPTY_BODY = YES;
				CLANG_WARN_ENUM_CONVERSION = YES;
				CLANG_WARN_INFINITE_RECURSION = YES;
				CLANG_WARN_INT_CONVERSION = YES;
				CLANG_WARN_NON_LITERAL_NULL_CONVERSION = YES;
				CLANG_WARN_OBJC_IMPLICIT_RETAIN_SELF = YES;
				CLANG_WARN_OBJC_LITERAL_CONVERSION = YES;
				CLANG_WARN_OBJC_ROOT_CLASS = YES_ERROR;
				CLANG_WARN_QUOTED_INCLUDE_IN_FRAMEWORK_HEADER = YES;
				CLANG_WARN_RANGE_LOOP_ANALYSIS = YES;
				CLANG_WARN_STRICT_PROTOTYPES = YES;
				CLANG_WARN_SUSPICIOUS_MOVE = YES;
				CLANG_WARN_UNGUARDED_AVAILABILITY = YES_AGGRESSIVE;
				CLANG_WARN_UNREACHABLE_CODE = YES;
				CLANG_WARN__DUPLICATE_METHOD_MATCH = YES;
				CODE_SIGN_IDENTITY = "iPhone Developer";
				COPY_PHASE_STRIP = NO;
				DEBUG_INFORMATION_FORMAT = "dwarf-with-dsym";
				ENABLE_NS_ASSERTIONS = NO;
				ENABLE_STRICT_OBJC_MSGSEND = YES;
				GCC_C_LANGUAGE_STANDARD = gnu11;
				GCC_NO_COMMON_BLOCKS = YES;
				GCC_WARN_64_TO_32_BIT_CONVERSION = YES;
				GCC_WARN_ABOUT_RETURN_TYPE = YES_ERROR;
				GCC_WARN_UNDECLARED_SELECTOR = YES;
				GCC_WARN_UNINITIALIZED_AUTOS = YES_AGGRESSIVE;
				GCC_WARN_UNUSED_FUNCTION = YES;
				GCC_WARN_UNUSED_VARIABLE = YES;
				IPHONEOS_DEPLOYMENT_TARGET = 12.4;
				MTL_ENABLE_DEBUG_INFO = NO;
				MTL_FAST_MATH = YES;
				SDKROOT = iphoneos;
				SWIFT_COMPILATION_MODE = wholemodule;
				SWIFT_OPTIMIZATION_LEVEL = "-O";
				VALIDATE_PRODUCT = YES;
			};
			name = Release;
		};
		A823522A22F6AEAE00FE65E0 /* Debug */ = {
			isa = XCBuildConfiguration;
			buildSettings = {
				ASSETCATALOG_COMPILER_APPICON_NAME = AppIcon;
				CODE_SIGN_STYLE = Automatic;
				DEVELOPMENT_TEAM = GBTTU32HS2;
				INFOPLIST_FILE = "$(SRCROOT)/SwiftbookApp/Supporting Files/Info.plist";
				IPHONEOS_DEPLOYMENT_TARGET = 15.0;
				LD_RUNPATH_SEARCH_PATHS = (
					"$(inherited)",
					"@executable_path/Frameworks",
				);
				PRODUCT_BUNDLE_IDENTIFIER = ru.swiftbook.SwiftbookApp;
				PRODUCT_NAME = "$(TARGET_NAME)";
				SWIFT_VERSION = 5.0;
				TARGETED_DEVICE_FAMILY = 1;
			};
			name = Debug;
		};
		A823522B22F6AEAE00FE65E0 /* Release */ = {
			isa = XCBuildConfiguration;
			buildSettings = {
				ASSETCATALOG_COMPILER_APPICON_NAME = AppIcon;
				CODE_SIGN_STYLE = Automatic;
				DEVELOPMENT_TEAM = GBTTU32HS2;
				INFOPLIST_FILE = "$(SRCROOT)/SwiftbookApp/Supporting Files/Info.plist";
				IPHONEOS_DEPLOYMENT_TARGET = 15.0;
				LD_RUNPATH_SEARCH_PATHS = (
					"$(inherited)",
					"@executable_path/Frameworks",
				);
				PRODUCT_BUNDLE_IDENTIFIER = ru.swiftbook.SwiftbookApp;
				PRODUCT_NAME = "$(TARGET_NAME)";
				SWIFT_VERSION = 5.0;
				TARGETED_DEVICE_FAMILY = 1;
			};
			name = Release;
		};
/* End XCBuildConfiguration section */

/* Begin XCConfigurationList section */
		A823521222F6AEAC00FE65E0 /* Build configuration list for PBXProject "SwiftbookApp" */ = {
			isa = XCConfigurationList;
			buildConfigurations = (
				A823522722F6AEAE00FE65E0 /* Debug */,
				A823522822F6AEAE00FE65E0 /* Release */,
			);
			defaultConfigurationIsVisible = 0;
			defaultConfigurationName = Release;
		};
		A823522922F6AEAE00FE65E0 /* Build configuration list for PBXNativeTarget "SwiftbookApp" */ = {
			isa = XCConfigurationList;
			buildConfigurations = (
				A823522A22F6AEAE00FE65E0 /* Debug */,
				A823522B22F6AEAE00FE65E0 /* Release */,
			);
			defaultConfigurationIsVisible = 0;
			defaultConfigurationName = Release;
		};
/* End XCConfigurationList section */
	};
	rootObject = A823520F22F6AEAC00FE65E0 /* Project object */;
}
